# This file is automatically @generated by Cargo.
# It is not intended for manual editing.
version = 4

[[package]]
name = "l-ast"
version = "0.1.0"
dependencies = [
 "l-span",
]

[[package]]
name = "l-backend"
version = "0.1.0"
dependencies = [
 "l-hir",
 "l-mir",
 "l-span",
]

[[package]]
name = "l-driver"
version = "0.1.0"
dependencies = [
 "l-ast",
 "l-backend",
 "l-hir",
 "l-lexer",
 "l-manifest",
 "l-mir",
 "l-opt",
 "l-parser",
 "l-resolver",
 "l-span",
 "l-typeck",
]

[[package]]
name = "l-hir"
version = "0.1.0"
dependencies = [
 "l-ast",
 "l-span",
]

[[package]]
name = "l-json"
version = "0.1.0"

[[package]]
name = "l-lexer"
version = "0.1.0"
dependencies = [
 "l-span",
]

[[package]]
name = "l-manifest"
version = "0.1.0"
dependencies = [
 "l-toml",
]

[[package]]
name = "l-mir"
version = "0.1.0"
dependencies = [
 "l-hir",
 "l-span",
]

[[package]]
name = "l-opt"
version = "0.1.0"
dependencies = [
 "l-hir",
 "l-mir",
 "l-span",
]

[[package]]
name = "l-parser"
version = "0.1.0"
dependencies = [
 "l-ast",
 "l-lexer",
 "l-span",
]

[[package]]
name = "l-registry"
version = "0.1.0"
dependencies = [
 "l-json",
 "l-manifest",
 "l-toml",
]

[[package]]
name = "l-resolver"
version = "0.1.0"
dependencies = [
 "l-ast",
 "l-hir",
 "l-parser",
 "l-span",
]

[[package]]
name = "l-span"
version = "0.1.0"

[[package]]
name = "l-toml"
version = "0.1.0"

[[package]]
name = "l-typeck"
version = "0.1.0"
dependencies = [
 "l-ast",
 "l-hir",
 "l-resolver",
 "l-span",
]

[[package]]
name = "lc"
version = "0.1.0"
dependencies = [
 "l-driver",
 "l-manifest",
 "l-span",
]

[[package]]
name = "ldoc"
version = "0.1.0"
dependencies = [
 "l-ast",
 "l-driver",
 "l-json",
 "l-parser",
 "l-span",
]

[[package]]
name = "lformat"
version = "0.1.0"
dependencies = [
 "l-ast",
 "l-lexer",
 "l-parser",
 "l-span",
]

[[package]]
name = "llint"
version = "0.1.0"
dependencies = [
 "l-ast",
 "l-driver",
 "l-parser",
 "l-resolver",
 "l-span",
 "l-typeck",
]

[[package]]
name = "llsp"
version = "0.1.0"
dependencies = [
 "l-ast",
 "l-driver",
 "l-json",
 "l-parser",
 "l-span",
 "lformat",
 "llint",
]

[[package]]
name = "lpm"
version = "0.1.0"
dependencies = [
 "l-driver",
 "l-json",
 "l-manifest",
 "l-span",
 "l-toml",
 "ldoc",
 "lformat",
 "llint",
]
